// !$*UTF8*$!
{
	archiveVersion = 1;
	classes = {
	};
	objectVersion = 50;
	objects = {

/* Begin PBXBuildFile section */
		2B201B3721C7D8E20028593C /* AppDelegate.swift in Sources */ = {isa = PBXBuildFile; fileRef = 2B201B3621C7D8E20028593C /* AppDelegate.swift */; };
		2B201B3921C7D8E20028593C /* ViewController.swift in Sources */ = {isa = PBXBuildFile; fileRef = 2B201B3821C7D8E20028593C /* ViewController.swift */; };
		2B201B3C21C7D8E20028593C /* Main.storyboard in Resources */ = {isa = PBXBuildFile; fileRef = 2B201B3A21C7D8E20028593C /* Main.storyboard */; };
		2B201B3E21C7D8E30028593C /* Assets.xcassets in Resources */ = {isa = PBXBuildFile; fileRef = 2B201B3D21C7D8E30028593C /* Assets.xcassets */; };
		2B201B4121C7D8E30028593C /* LaunchScreen.storyboard in Resources */ = {isa = PBXBuildFile; fileRef = 2B201B3F21C7D8E30028593C /* LaunchScreen.storyboard */; };
		2B201B4D21C7D9C30028593C /* SignalClient.swift in Sources */ = {isa = PBXBuildFile; fileRef = 2B201B4821C7D9C30028593C /* SignalClient.swift */; };
		2B201B4E21C7D9C30028593C /* RTCStates.swift in Sources */ = {isa = PBXBuildFile; fileRef = 2B201B4921C7D9C30028593C /* RTCStates.swift */; };
		2B201B4F21C7D9C30028593C /* WebRTCClient.swift in Sources */ = {isa = PBXBuildFile; fileRef = 2B201B4A21C7D9C30028593C /* WebRTCClient.swift */; };
		2B201B5021C7D9C30028593C /* RTCIceCandidate+JSON.swift in Sources */ = {isa = PBXBuildFile; fileRef = 2B201B4B21C7D9C30028593C /* RTCIceCandidate+JSON.swift */; };
		2B201B5121C7D9C30028593C /* RTCSessionDescription+JSON.swift in Sources */ = {isa = PBXBuildFile; fileRef = 2B201B4C21C7D9C30028593C /* RTCSessionDescription+JSON.swift */; };
		2B37D7F021D34F890023B0E8 /* PeerManager.swift in Sources */ = {isa = PBXBuildFile; fileRef = 2B37D7EF21D34F890023B0E8 /* PeerManager.swift */; };
		2B37D7F121D34F890023B0E8 /* PeerManager.swift in Sources */ = {isa = PBXBuildFile; fileRef = 2B37D7EF21D34F890023B0E8 /* PeerManager.swift */; };
		2BD2B54E21D0B2AB00D1B4CF /* ReplayKit.framework in Frameworks */ = {isa = PBXBuildFile; fileRef = 2BD2B54D21D0B2AB00D1B4CF /* ReplayKit.framework */; };
		2BD2B55121D0B2AB00D1B4CF /* SampleHandler.swift in Sources */ = {isa = PBXBuildFile; fileRef = 2BD2B55021D0B2AB00D1B4CF /* SampleHandler.swift */; };
		2BD2B55821D0B2AB00D1B4CF /* ReplayKit.framework in Frameworks */ = {isa = PBXBuildFile; fileRef = 2BD2B54D21D0B2AB00D1B4CF /* ReplayKit.framework */; };
		2BD2B55A21D0B2AB00D1B4CF /* UIKit.framework in Frameworks */ = {isa = PBXBuildFile; fileRef = 2BD2B55921D0B2AB00D1B4CF /* UIKit.framework */; };
		2BD2B55D21D0B2AB00D1B4CF /* BroadcastSetupViewController.swift in Sources */ = {isa = PBXBuildFile; fileRef = 2BD2B55C21D0B2AB00D1B4CF /* BroadcastSetupViewController.swift */; };
		2BD2B56121D0B2AB00D1B4CF /* BroadcastUploadSetupUI.appex in Embed App Extensions */ = {isa = PBXBuildFile; fileRef = 2BD2B55721D0B2AB00D1B4CF /* BroadcastUploadSetupUI.appex */; settings = {ATTRIBUTES = (RemoveHeadersOnCopy, ); }; };
		2BD2B56421D0B2AB00D1B4CF /* BroadcastUpload.appex in Embed App Extensions */ = {isa = PBXBuildFile; fileRef = 2BD2B54C21D0B2AB00D1B4CF /* BroadcastUpload.appex */; settings = {ATTRIBUTES = (RemoveHeadersOnCopy, ); }; };
		5689CE87A1970DD4A1837AA0 /* Pods_CommonPod_BroadcastUpload.framework in Frameworks */ = {isa = PBXBuildFile; fileRef = 6737E9D9C02AA73291CC999D /* Pods_CommonPod_BroadcastUpload.framework */; };
		6C64C9DDCC7F2C912D1F9DEA /* Pods_CommonPod_ScreenCast.framework in Frameworks */ = {isa = PBXBuildFile; fileRef = 115FA1ABFB821CF2E06489CA /* Pods_CommonPod_ScreenCast.framework */; };
		ADCDC4560D7CFDE06B26A922 /* Pods_CommonPod_BroadcastUploadSetupUI.framework in Frameworks */ = {isa = PBXBuildFile; fileRef = B6EFDA4DC2385F89182993AD /* Pods_CommonPod_BroadcastUploadSetupUI.framework */; };
/* End PBXBuildFile section */

/* Begin PBXContainerItemProxy section */
		2BD2B55F21D0B2AB00D1B4CF /* PBXContainerItemProxy */ = {
			isa = PBXContainerItemProxy;
			containerPortal = 2B201B2B21C7D8E20028593C /* Project object */;
			proxyType = 1;
			remoteGlobalIDString = 2BD2B55621D0B2AB00D1B4CF;
			remoteInfo = BroadcastUploadSetupUI;
		};
		2BD2B56221D0B2AB00D1B4CF /* PBXContainerItemProxy */ = {
			isa = PBXContainerItemProxy;
			containerPortal = 2B201B2B21C7D8E20028593C /* Project object */;
			proxyType = 1;
			remoteGlobalIDString = 2BD2B54B21D0B2AB00D1B4CF;
			remoteInfo = BroadcastUpload;
		};
/* End PBXContainerItemProxy section */

/* Begin PBXCopyFilesBuildPhase section */
		2BD2B56B21D0B2AB00D1B4CF /* Embed App Extensions */ = {
			isa = PBXCopyFilesBuildPhase;
			buildActionMask = 2147483647;
			dstPath = "";
			dstSubfolderSpec = 13;
			files = (
				2BD2B56121D0B2AB00D1B4CF /* BroadcastUploadSetupUI.appex in Embed App Extensions */,
				2BD2B56421D0B2AB00D1B4CF /* BroadcastUpload.appex in Embed App Extensions */,
			);
			name = "Embed App Extensions";
			runOnlyForDeploymentPostprocessing = 0;
		};
/* End PBXCopyFilesBuildPhase section */

/* Begin PBXFileReference section */
		115FA1ABFB821CF2E06489CA /* Pods_CommonPod_ScreenCast.framework */ = {isa = PBXFileReference; explicitFileType = wrapper.framework; includeInIndex = 0; path = Pods_CommonPod_ScreenCast.framework; sourceTree = BUILT_PRODUCTS_DIR; };
		2B201B3321C7D8E20028593C /* ScreenCast.app */ = {isa = PBXFileReference; explicitFileType = wrapper.application; includeInIndex = 0; path = ScreenCast.app; sourceTree = BUILT_PRODUCTS_DIR; };
		2B201B3621C7D8E20028593C /* AppDelegate.swift */ = {isa = PBXFileReference; lastKnownFileType = sourcecode.swift; path = AppDelegate.swift; sourceTree = "<group>"; };
		2B201B3821C7D8E20028593C /* ViewController.swift */ = {isa = PBXFileReference; lastKnownFileType = sourcecode.swift; path = ViewController.swift; sourceTree = "<group>"; };
		2B201B3B21C7D8E20028593C /* Base */ = {isa = PBXFileReference; lastKnownFileType = file.storyboard; name = Base; path = Base.lproj/Main.storyboard; sourceTree = "<group>"; };
		2B201B3D21C7D8E30028593C /* Assets.xcassets */ = {isa = PBXFileReference; lastKnownFileType = folder.assetcatalog; path = Assets.xcassets; sourceTree = "<group>"; };
		2B201B4021C7D8E30028593C /* Base */ = {isa = PBXFileReference; lastKnownFileType = file.storyboard; name = Base; path = Base.lproj/LaunchScreen.storyboard; sourceTree = "<group>"; };
		2B201B4221C7D8E30028593C /* Info.plist */ = {isa = PBXFileReference; lastKnownFileType = text.plist.xml; path = Info.plist; sourceTree = "<group>"; };
		2B201B4821C7D9C30028593C /* SignalClient.swift */ = {isa = PBXFileReference; fileEncoding = 4; lastKnownFileType = sourcecode.swift; path = SignalClient.swift; sourceTree = "<group>"; };
		2B201B4921C7D9C30028593C /* RTCStates.swift */ = {isa = PBXFileReference; fileEncoding = 4; lastKnownFileType = sourcecode.swift; path = RTCStates.swift; sourceTree = "<group>"; };
		2B201B4A21C7D9C30028593C /* WebRTCClient.swift */ = {isa = PBXFileReference; fileEncoding = 4; lastKnownFileType = sourcecode.swift; path = WebRTCClient.swift; sourceTree = "<group>"; };
		2B201B4B21C7D9C30028593C /* RTCIceCandidate+JSON.swift */ = {isa = PBXFileReference; fileEncoding = 4; lastKnownFileType = sourcecode.swift; path = "RTCIceCandidate+JSON.swift"; sourceTree = "<group>"; };
		2B201B4C21C7D9C30028593C /* RTCSessionDescription+JSON.swift */ = {isa = PBXFileReference; fileEncoding = 4; lastKnownFileType = sourcecode.swift; path = "RTCSessionDescription+JSON.swift"; sourceTree = "<group>"; };
		2B37D7EF21D34F890023B0E8 /* PeerManager.swift */ = {isa = PBXFileReference; lastKnownFileType = sourcecode.swift; path = PeerManager.swift; sourceTree = "<group>"; };
		2BD2B54721D0ADAA00D1B4CF /* README.md */ = {isa = PBXFileReference; lastKnownFileType = net.daringfireball.markdown; path = README.md; sourceTree = "<group>"; };
		2BD2B54C21D0B2AB00D1B4CF /* BroadcastUpload.appex */ = {isa = PBXFileReference; explicitFileType = "wrapper.app-extension"; includeInIndex = 0; path = BroadcastUpload.appex; sourceTree = BUILT_PRODUCTS_DIR; };
		2BD2B54D21D0B2AB00D1B4CF /* ReplayKit.framework */ = {isa = PBXFileReference; lastKnownFileType = wrapper.framework; name = ReplayKit.framework; path = System/Library/Frameworks/ReplayKit.framework; sourceTree = SDKROOT; };
		2BD2B55021D0B2AB00D1B4CF /* SampleHandler.swift */ = {isa = PBXFileReference; lastKnownFileType = sourcecode.swift; path = SampleHandler.swift; sourceTree = "<group>"; };
		2BD2B55221D0B2AB00D1B4CF /* Info.plist */ = {isa = PBXFileReference; lastKnownFileType = text.plist.xml; path = Info.plist; sourceTree = "<group>"; };
		2BD2B55721D0B2AB00D1B4CF /* BroadcastUploadSetupUI.appex */ = {isa = PBXFileReference; explicitFileType = "wrapper.app-extension"; includeInIndex = 0; path = BroadcastUploadSetupUI.appex; sourceTree = BUILT_PRODUCTS_DIR; };
		2BD2B55921D0B2AB00D1B4CF /* UIKit.framework */ = {isa = PBXFileReference; lastKnownFileType = wrapper.framework; name = UIKit.framework; path = System/Library/Frameworks/UIKit.framework; sourceTree = SDKROOT; };
		2BD2B55C21D0B2AB00D1B4CF /* BroadcastSetupViewController.swift */ = {isa = PBXFileReference; lastKnownFileType = sourcecode.swift; path = BroadcastSetupViewController.swift; sourceTree = "<group>"; };
		2BD2B55E21D0B2AB00D1B4CF /* Info.plist */ = {isa = PBXFileReference; lastKnownFileType = text.plist.xml; path = Info.plist; sourceTree = "<group>"; };
		6737E9D9C02AA73291CC999D /* Pods_CommonPod_BroadcastUpload.framework */ = {isa = PBXFileReference; explicitFileType = wrapper.framework; includeInIndex = 0; path = Pods_CommonPod_BroadcastUpload.framework; sourceTree = BUILT_PRODUCTS_DIR; };
		716BEB77CA9777E52CD07EE6 /* Pods-CommonPod-ScreenCast.debug.xcconfig */ = {isa = PBXFileReference; includeInIndex = 1; lastKnownFileType = text.xcconfig; name = "Pods-CommonPod-ScreenCast.debug.xcconfig"; path = "Pods/Target Support Files/Pods-CommonPod-ScreenCast/Pods-CommonPod-ScreenCast.debug.xcconfig"; sourceTree = "<group>"; };
		A2DB63C6878EA9BD8E68DAE7 /* Pods-CommonPod-BroadcastUpload.debug.xcconfig */ = {isa = PBXFileReference; includeInIndex = 1; lastKnownFileType = text.xcconfig; name = "Pods-CommonPod-BroadcastUpload.debug.xcconfig"; path = "Pods/Target Support Files/Pods-CommonPod-BroadcastUpload/Pods-CommonPod-BroadcastUpload.debug.xcconfig"; sourceTree = "<group>"; };
		A9BDB9C0BDAF6682D6EA04A2 /* Pods-CommonPod-ScreenCast.release.xcconfig */ = {isa = PBXFileReference; includeInIndex = 1; lastKnownFileType = text.xcconfig; name = "Pods-CommonPod-ScreenCast.release.xcconfig"; path = "Pods/Target Support Files/Pods-CommonPod-ScreenCast/Pods-CommonPod-ScreenCast.release.xcconfig"; sourceTree = "<group>"; };
		B6EFDA4DC2385F89182993AD /* Pods_CommonPod_BroadcastUploadSetupUI.framework */ = {isa = PBXFileReference; explicitFileType = wrapper.framework; includeInIndex = 0; path = Pods_CommonPod_BroadcastUploadSetupUI.framework; sourceTree = BUILT_PRODUCTS_DIR; };
		BBB598E81CE39DAA0D6E1F0D /* Pods-CommonPod-BroadcastUploadSetupUI.release.xcconfig */ = {isa = PBXFileReference; includeInIndex = 1; lastKnownFileType = text.xcconfig; name = "Pods-CommonPod-BroadcastUploadSetupUI.release.xcconfig"; path = "Pods/Target Support Files/Pods-CommonPod-BroadcastUploadSetupUI/Pods-CommonPod-BroadcastUploadSetupUI.release.xcconfig"; sourceTree = "<group>"; };
		BC4B0F28CBB1143A3CC49A32 /* Pods-CommonPod-BroadcastUploadSetupUI.debug.xcconfig */ = {isa = PBXFileReference; includeInIndex = 1; lastKnownFileType = text.xcconfig; name = "Pods-CommonPod-BroadcastUploadSetupUI.debug.xcconfig"; path = "Pods/Target Support Files/Pods-CommonPod-BroadcastUploadSetupUI/Pods-CommonPod-BroadcastUploadSetupUI.debug.xcconfig"; sourceTree = "<group>"; };
		E52BDA71970AA2CB2947DB0E /* Pods-CommonPod-BroadcastUpload.release.xcconfig */ = {isa = PBXFileReference; includeInIndex = 1; lastKnownFileType = text.xcconfig; name = "Pods-CommonPod-BroadcastUpload.release.xcconfig"; path = "Pods/Target Support Files/Pods-CommonPod-BroadcastUpload/Pods-CommonPod-BroadcastUpload.release.xcconfig"; sourceTree = "<group>"; };
/* End PBXFileReference section */

/* Begin PBXFrameworksBuildPhase section */
		2B201B3021C7D8E20028593C /* Frameworks */ = {
			isa = PBXFrameworksBuildPhase;
			buildActionMask = 2147483647;
			files = (
				6C64C9DDCC7F2C912D1F9DEA /* Pods_CommonPod_ScreenCast.framework in Frameworks */,
			);
			runOnlyForDeploymentPostprocessing = 0;
		};
		2BD2B54921D0B2AB00D1B4CF /* Frameworks */ = {
			isa = PBXFrameworksBuildPhase;
			buildActionMask = 2147483647;
			files = (
				2BD2B54E21D0B2AB00D1B4CF /* ReplayKit.framework in Frameworks */,
				5689CE87A1970DD4A1837AA0 /* Pods_CommonPod_BroadcastUpload.framework in Frameworks */,
			);
			runOnlyForDeploymentPostprocessing = 0;
		};
		2BD2B55421D0B2AB00D1B4CF /* Frameworks */ = {
			isa = PBXFrameworksBuildPhase;
			buildActionMask = 2147483647;
			files = (
				2BD2B55821D0B2AB00D1B4CF /* ReplayKit.framework in Frameworks */,
				2BD2B55A21D0B2AB00D1B4CF /* UIKit.framework in Frameworks */,
				ADCDC4560D7CFDE06B26A922 /* Pods_CommonPod_BroadcastUploadSetupUI.framework in Frameworks */,
			);
			runOnlyForDeploymentPostprocessing = 0;
		};
/* End PBXFrameworksBuildPhase section */

/* Begin PBXGroup section */
		15E8143E3835AAD4A3801E72 /* Pods */ = {
			isa = PBXGroup;
			children = (
				716BEB77CA9777E52CD07EE6 /* Pods-CommonPod-ScreenCast.debug.xcconfig */,
				A9BDB9C0BDAF6682D6EA04A2 /* Pods-CommonPod-ScreenCast.release.xcconfig */,
				A2DB63C6878EA9BD8E68DAE7 /* Pods-CommonPod-BroadcastUpload.debug.xcconfig */,
				E52BDA71970AA2CB2947DB0E /* Pods-CommonPod-BroadcastUpload.release.xcconfig */,
				BC4B0F28CBB1143A3CC49A32 /* Pods-CommonPod-BroadcastUploadSetupUI.debug.xcconfig */,
				BBB598E81CE39DAA0D6E1F0D /* Pods-CommonPod-BroadcastUploadSetupUI.release.xcconfig */,
			);
			name = Pods;
			sourceTree = "<group>";
		};
		2B201B2A21C7D8E20028593C = {
			isa = PBXGroup;
			children = (
				2BD2B54721D0ADAA00D1B4CF /* README.md */,
				2B201B3521C7D8E20028593C /* ScreenCast */,
				2BD2B54F21D0B2AB00D1B4CF /* BroadcastUpload */,
				2BD2B55B21D0B2AB00D1B4CF /* BroadcastUploadSetupUI */,
				2B201B3421C7D8E20028593C /* Products */,
				15E8143E3835AAD4A3801E72 /* Pods */,
				741A58BE794F350E9D340BC9 /* Frameworks */,
			);
			sourceTree = "<group>";
		};
		2B201B3421C7D8E20028593C /* Products */ = {
			isa = PBXGroup;
			children = (
				2B201B3321C7D8E20028593C /* ScreenCast.app */,
				2BD2B54C21D0B2AB00D1B4CF /* BroadcastUpload.appex */,
				2BD2B55721D0B2AB00D1B4CF /* BroadcastUploadSetupUI.appex */,
			);
			name = Products;
			sourceTree = "<group>";
		};
		2B201B3521C7D8E20028593C /* ScreenCast */ = {
			isa = PBXGroup;
			children = (
				2B37D7F221D34F9E0023B0E8 /* HelperClass */,
				2B201B3621C7D8E20028593C /* AppDelegate.swift */,
				2B201B3821C7D8E20028593C /* ViewController.swift */,
				2B201B3A21C7D8E20028593C /* Main.storyboard */,
				2B201B3D21C7D8E30028593C /* Assets.xcassets */,
				2B201B3F21C7D8E30028593C /* LaunchScreen.storyboard */,
				2B201B4221C7D8E30028593C /* Info.plist */,
			);
			path = ScreenCast;
			sourceTree = "<group>";
		};
		2B37D7F221D34F9E0023B0E8 /* HelperClass */ = {
			isa = PBXGroup;
			children = (
				2B201B4B21C7D9C30028593C /* RTCIceCandidate+JSON.swift */,
				2B201B4C21C7D9C30028593C /* RTCSessionDescription+JSON.swift */,
				2B201B4921C7D9C30028593C /* RTCStates.swift */,
				2B201B4821C7D9C30028593C /* SignalClient.swift */,
				2B201B4A21C7D9C30028593C /* WebRTCClient.swift */,
			);
			path = HelperClass;
			sourceTree = "<group>";
		};
		2BD2B54F21D0B2AB00D1B4CF /* BroadcastUpload */ = {
			isa = PBXGroup;
			children = (
				2BD2B55021D0B2AB00D1B4CF /* SampleHandler.swift */,
				2BD2B55221D0B2AB00D1B4CF /* Info.plist */,
				2B37D7EF21D34F890023B0E8 /* PeerManager.swift */,
			);
			path = BroadcastUpload;
			sourceTree = "<group>";
		};
		2BD2B55B21D0B2AB00D1B4CF /* BroadcastUploadSetupUI */ = {
			isa = PBXGroup;
			children = (
				2BD2B55C21D0B2AB00D1B4CF /* BroadcastSetupViewController.swift */,
				2BD2B55E21D0B2AB00D1B4CF /* Info.plist */,
			);
			path = BroadcastUploadSetupUI;
			sourceTree = "<group>";
		};
		741A58BE794F350E9D340BC9 /* Frameworks */ = {
			isa = PBXGroup;
			children = (
				115FA1ABFB821CF2E06489CA /* Pods_CommonPod_ScreenCast.framework */,
				2BD2B54D21D0B2AB00D1B4CF /* ReplayKit.framework */,
				2BD2B55921D0B2AB00D1B4CF /* UIKit.framework */,
				6737E9D9C02AA73291CC999D /* Pods_CommonPod_BroadcastUpload.framework */,
				B6EFDA4DC2385F89182993AD /* Pods_CommonPod_BroadcastUploadSetupUI.framework */,
			);
			name = Frameworks;
			sourceTree = "<group>";
		};
/* End PBXGroup section */

/* Begin PBXNativeTarget section */
		2B201B3221C7D8E20028593C /* ScreenCast */ = {
			isa = PBXNativeTarget;
			buildConfigurationList = 2B201B4521C7D8E30028593C /* Build configuration list for PBXNativeTarget "ScreenCast" */;
			buildPhases = (
				DA2AC4CFEF6EA6D1C1BC7F4F /* [CP] Check Pods Manifest.lock */,
				2B201B2F21C7D8E20028593C /* Sources */,
				2B201B3021C7D8E20028593C /* Frameworks */,
				2B201B3121C7D8E20028593C /* Resources */,
				9C99C560DE4008C940858F33 /* [CP] Embed Pods Frameworks */,
				2BD2B56B21D0B2AB00D1B4CF /* Embed App Extensions */,
			);
			buildRules = (
			);
			dependencies = (
				2BD2B56021D0B2AB00D1B4CF /* PBXTargetDependency */,
				2BD2B56321D0B2AB00D1B4CF /* PBXTargetDependency */,
			);
			name = ScreenCast;
			productName = ScreenCast;
			productReference = 2B201B3321C7D8E20028593C /* ScreenCast.app */;
			productType = "com.apple.product-type.application";
		};
		2BD2B54B21D0B2AB00D1B4CF /* BroadcastUpload */ = {
			isa = PBXNativeTarget;
			buildConfigurationList = 2BD2B56821D0B2AB00D1B4CF /* Build configuration list for PBXNativeTarget "BroadcastUpload" */;
			buildPhases = (
				E9AA1E94064738450FDFD2DF /* [CP] Check Pods Manifest.lock */,
				2BD2B54821D0B2AB00D1B4CF /* Sources */,
				2BD2B54921D0B2AB00D1B4CF /* Frameworks */,
				2BD2B54A21D0B2AB00D1B4CF /* Resources */,
			);
			buildRules = (
			);
			dependencies = (
			);
			name = BroadcastUpload;
			productName = BroadcastUpload;
			productReference = 2BD2B54C21D0B2AB00D1B4CF /* BroadcastUpload.appex */;
			productType = "com.apple.product-type.app-extension";
		};
		2BD2B55621D0B2AB00D1B4CF /* BroadcastUploadSetupUI */ = {
			isa = PBXNativeTarget;
			buildConfigurationList = 2BD2B56521D0B2AB00D1B4CF /* Build configuration list for PBXNativeTarget "BroadcastUploadSetupUI" */;
			buildPhases = (
				5759EDE6EA50B8BEEAE0D8F1 /* [CP] Check Pods Manifest.lock */,
				2BD2B55321D0B2AB00D1B4CF /* Sources */,
				2BD2B55421D0B2AB00D1B4CF /* Frameworks */,
				2BD2B55521D0B2AB00D1B4CF /* Resources */,
			);
			buildRules = (
			);
			dependencies = (
			);
			name = BroadcastUploadSetupUI;
			productName = BroadcastUploadSetupUI;
			productReference = 2BD2B55721D0B2AB00D1B4CF /* BroadcastUploadSetupUI.appex */;
			productType = "com.apple.product-type.app-extension";
		};
/* End PBXNativeTarget section */

/* Begin PBXProject section */
		2B201B2B21C7D8E20028593C /* Project object */ = {
			isa = PBXProject;
			attributes = {
				LastSwiftUpdateCheck = 1000;
				LastUpgradeCheck = 1000;
				ORGANIZATIONNAME = "ProMobi Technologies";
				TargetAttributes = {
					2B201B3221C7D8E20028593C = {
						CreatedOnToolsVersion = 10.0;
					};
					2BD2B54B21D0B2AB00D1B4CF = {
						CreatedOnToolsVersion = 10.0;
					};
					2BD2B55621D0B2AB00D1B4CF = {
						CreatedOnToolsVersion = 10.0;
					};
				};
			};
			buildConfigurationList = 2B201B2E21C7D8E20028593C /* Build configuration list for PBXProject "ScreenCast" */;
			compatibilityVersion = "Xcode 9.3";
			developmentRegion = en;
			hasScannedForEncodings = 0;
			knownRegions = (
				en,
				Base,
			);
			mainGroup = 2B201B2A21C7D8E20028593C;
			productRefGroup = 2B201B3421C7D8E20028593C /* Products */;
			projectDirPath = "";
			projectRoot = "";
			targets = (
				2B201B3221C7D8E20028593C /* ScreenCast */,
				2BD2B54B21D0B2AB00D1B4CF /* BroadcastUpload */,
				2BD2B55621D0B2AB00D1B4CF /* BroadcastUploadSetupUI */,
			);
		};
/* End PBXProject section */

/* Begin PBXResourcesBuildPhase section */
		2B201B3121C7D8E20028593C /* Resources */ = {
			isa = PBXResourcesBuildPhase;
			buildActionMask = 2147483647;
			files = (
				2B201B4121C7D8E30028593C /* LaunchScreen.storyboard in Resources */,
				2B201B3E21C7D8E30028593C /* Assets.xcassets in Resources */,
				2B201B3C21C7D8E20028593C /* Main.storyboard in Resources */,
			);
			runOnlyForDeploymentPostprocessing = 0;
		};
		2BD2B54A21D0B2AB00D1B4CF /* Resources */ = {
			isa = PBXResourcesBuildPhase;
			buildActionMask = 2147483647;
			files = (
			);
			runOnlyForDeploymentPostprocessing = 0;
		};
		2BD2B55521D0B2AB00D1B4CF /* Resources */ = {
			isa = PBXResourcesBuildPhase;
			buildActionMask = 2147483647;
			files = (
			);
			runOnlyForDeploymentPostprocessing = 0;
		};
/* End PBXResourcesBuildPhase section */

/* Begin PBXShellScriptBuildPhase section */
		5759EDE6EA50B8BEEAE0D8F1 /* [CP] Check Pods Manifest.lock */ = {
			isa = PBXShellScriptBuildPhase;
			buildActionMask = 2147483647;
			files = (
			);
			inputPaths = (
				"${PODS_PODFILE_DIR_PATH}/Podfile.lock",
				"${PODS_ROOT}/Manifest.lock",
			);
			name = "[CP] Check Pods Manifest.lock";
			outputPaths = (
				"$(DERIVED_FILE_DIR)/Pods-CommonPod-BroadcastUploadSetupUI-checkManifestLockResult.txt",
			);
			runOnlyForDeploymentPostprocessing = 0;
			shellPath = /bin/sh;
			shellScript = "diff \"${PODS_PODFILE_DIR_PATH}/Podfile.lock\" \"${PODS_ROOT}/Manifest.lock\" > /dev/null\nif [ $? != 0 ] ; then\n    # print error to STDERR\n    echo \"error: The sandbox is not in sync with the Podfile.lock. Run 'pod install' or update your CocoaPods installation.\" >&2\n    exit 1\nfi\n# This output is used by Xcode 'outputs' to avoid re-running this script phase.\necho \"SUCCESS\" > \"${SCRIPT_OUTPUT_FILE_0}\"\n";
			showEnvVarsInLog = 0;
		};
		9C99C560DE4008C940858F33 /* [CP] Embed Pods Frameworks */ = {
			isa = PBXShellScriptBuildPhase;
			buildActionMask = 2147483647;
			files = (
			);
			inputPaths = (
				"${SRCROOT}/Pods/Target Support Files/Pods-CommonPod-ScreenCast/Pods-CommonPod-ScreenCast-frameworks.sh",
				"${PODS_ROOT}/GoogleWebRTC/Frameworks/frameworks/WebRTC.framework",
				"${BUILT_PRODUCTS_DIR}/Starscream/Starscream.framework",
			);
			name = "[CP] Embed Pods Frameworks";
			outputPaths = (
				"${TARGET_BUILD_DIR}/${FRAMEWORKS_FOLDER_PATH}/WebRTC.framework",
				"${TARGET_BUILD_DIR}/${FRAMEWORKS_FOLDER_PATH}/Starscream.framework",
			);
			runOnlyForDeploymentPostprocessing = 0;
			shellPath = /bin/sh;
			shellScript = "\"${SRCROOT}/Pods/Target Support Files/Pods-CommonPod-ScreenCast/Pods-CommonPod-ScreenCast-frameworks.sh\"\n";
			showEnvVarsInLog = 0;
		};
		DA2AC4CFEF6EA6D1C1BC7F4F /* [CP] Check Pods Manifest.lock */ = {
			isa = PBXShellScriptBuildPhase;
			buildActionMask = 2147483647;
			files = (
			);
			inputPaths = (
				"${PODS_PODFILE_DIR_PATH}/Podfile.lock",
				"${PODS_ROOT}/Manifest.lock",
			);
			name = "[CP] Check Pods Manifest.lock";
			outputPaths = (
				"$(DERIVED_FILE_DIR)/Pods-CommonPod-ScreenCast-checkManifestLockResult.txt",
			);
			runOnlyForDeploymentPostprocessing = 0;
			shellPath = /bin/sh;
			shellScript = "diff \"${PODS_PODFILE_DIR_PATH}/Podfile.lock\" \"${PODS_ROOT}/Manifest.lock\" > /dev/null\nif [ $? != 0 ] ; then\n    # print error to STDERR\n    echo \"error: The sandbox is not in sync with the Podfile.lock. Run 'pod install' or update your CocoaPods installation.\" >&2\n    exit 1\nfi\n# This output is used by Xcode 'outputs' to avoid re-running this script phase.\necho \"SUCCESS\" > \"${SCRIPT_OUTPUT_FILE_0}\"\n";
			showEnvVarsInLog = 0;
		};
		E9AA1E94064738450FDFD2DF /* [CP] Check Pods Manifest.lock */ = {
			isa = PBXShellScriptBuildPhase;
			buildActionMask = 2147483647;
			files = (
			);
			inputPaths = (
				"${PODS_PODFILE_DIR_PATH}/Podfile.lock",
				"${PODS_ROOT}/Manifest.lock",
			);
			name = "[CP] Check Pods Manifest.lock";
			outputPaths = (
				"$(DERIVED_FILE_DIR)/Pods-CommonPod-BroadcastUpload-checkManifestLockResult.txt",
			);
			runOnlyForDeploymentPostprocessing = 0;
			shellPath = /bin/sh;
			shellScript = "diff \"${PODS_PODFILE_DIR_PATH}/Podfile.lock\" \"${PODS_ROOT}/Manifest.lock\" > /dev/null\nif [ $? != 0 ] ; then\n    # print error to STDERR\n    echo \"error: The sandbox is not in sync with the Podfile.lock. Run 'pod install' or update your CocoaPods installation.\" >&2\n    exit 1\nfi\n# This output is used by Xcode 'outputs' to avoid re-running this script phase.\necho \"SUCCESS\" > \"${SCRIPT_OUTPUT_FILE_0}\"\n";
			showEnvVarsInLog = 0;
		};
/* End PBXShellScriptBuildPhase section */

/* Begin PBXSourcesBuildPhase section */
		2B201B2F21C7D8E20028593C /* Sources */ = {
			isa = PBXSourcesBuildPhase;
			buildActionMask = 2147483647;
			files = (
				2B201B3921C7D8E20028593C /* ViewController.swift in Sources */,
				2B201B4F21C7D9C30028593C /* WebRTCClient.swift in Sources */,
				2B201B4D21C7D9C30028593C /* SignalClient.swift in Sources */,
				2B201B3721C7D8E20028593C /* AppDelegate.swift in Sources */,
				2B201B4E21C7D9C30028593C /* RTCStates.swift in Sources */,
				2B201B5121C7D9C30028593C /* RTCSessionDescription+JSON.swift in Sources */,
				2B201B5021C7D9C30028593C /* RTCIceCandidate+JSON.swift in Sources */,
			);
			runOnlyForDeploymentPostprocessing = 0;
		};
		2BD2B54821D0B2AB00D1B4CF /* Sources */ = {
			isa = PBXSourcesBuildPhase;
			buildActionMask = 2147483647;
			files = (
				2BD2B55121D0B2AB00D1B4CF /* SampleHandler.swift in Sources */,
				2B37D7F021D34F890023B0E8 /* PeerManager.swift in Sources */,
			);
			runOnlyForDeploymentPostprocessing = 0;
		};
		2BD2B55321D0B2AB00D1B4CF /* Sources */ = {
			isa = PBXSourcesBuildPhase;
			buildActionMask = 2147483647;
			files = (
				2BD2B55D21D0B2AB00D1B4CF /* BroadcastSetupViewController.swift in Sources */,
				2B37D7F121D34F890023B0E8 /* PeerManager.swift in Sources */,
			);
			runOnlyForDeploymentPostprocessing = 0;
		};
/* End PBXSourcesBuildPhase section */

/* Begin PBXTargetDependency section */
		2BD2B56021D0B2AB00D1B4CF /* PBXTargetDependency */ = {
			isa = PBXTargetDependency;
			target = 2BD2B55621D0B2AB00D1B4CF /* BroadcastUploadSetupUI */;
			targetProxy = 2BD2B55F21D0B2AB00D1B4CF /* PBXContainerItemProxy */;
		};
		2BD2B56321D0B2AB00D1B4CF /* PBXTargetDependency */ = {
			isa = PBXTargetDependency;
			target = 2BD2B54B21D0B2AB00D1B4CF /* BroadcastUpload */;
			targetProxy = 2BD2B56221D0B2AB00D1B4CF /* PBXContainerItemProxy */;
		};
/* End PBXTargetDependency section */

/* Begin PBXVariantGroup section */
		2B201B3A21C7D8E20028593C /* Main.storyboard */ = {
			isa = PBXVariantGroup;
			children = (
				2B201B3B21C7D8E20028593C /* Base */,
			);
			name = Main.storyboard;
			sourceTree = "<group>";
		};
		2B201B3F21C7D8E30028593C /* LaunchScreen.storyboard */ = {
			isa = PBXVariantGroup;
			children = (
				2B201B4021C7D8E30028593C /* Base */,
			);
			name = LaunchScreen.storyboard;
			sourceTree = "<group>";
		};
/* End PBXVariantGroup section */

/* Begin XCBuildConfiguration section */
		2B201B4321C7D8E30028593C /* Debug */ = {
			isa = XCBuildConfiguration;
			buildSettings = {
				ALWAYS_SEARCH_USER_PATHS = NO;
				CLANG_ANALYZER_NONNULL = YES;
				CLANG_ANALYZER_NUMBER_OBJECT_CONVERSION = YES_AGGRESSIVE;
				CLANG_CXX_LANGUAGE_STANDARD = "gnu++14";
				CLANG_CXX_LIBRARY = "libc++";
				CLANG_ENABLE_MODULES = YES;
				CLANG_ENABLE_OBJC_ARC = YES;
				CLANG_ENABLE_OBJC_WEAK = YES;
				CLANG_WARN_BLOCK_CAPTURE_AUTORELEASING = YES;
				CLANG_WARN_BOOL_CONVERSION = YES;
				CLANG_WARN_COMMA = YES;
				CLANG_WARN_CONSTANT_CONVERSION = YES;
				CLANG_WARN_DEPRECATED_OBJC_IMPLEMENTATIONS = YES;
				CLANG_WARN_DIRECT_OBJC_ISA_USAGE = YES_ERROR;
				CLANG_WARN_DOCUMENTATION_COMMENTS = YES;
				CLANG_WARN_EMPTY_BODY = YES;
				CLANG_WARN_ENUM_CONVERSION = YES;
				CLANG_WARN_INFINITE_RECURSION = YES;
				CLANG_WARN_INT_CONVERSION = YES;
				CLANG_WARN_NON_LITERAL_NULL_CONVERSION = YES;
				CLANG_WARN_OBJC_IMPLICIT_RETAIN_SELF = YES;
				CLANG_WARN_OBJC_LITERAL_CONVERSION = YES;
				CLANG_WARN_OBJC_ROOT_CLASS = YES_ERROR;
				CLANG_WARN_RANGE_LOOP_ANALYSIS = YES;
				CLANG_WARN_STRICT_PROTOTYPES = YES;
				CLANG_WARN_SUSPICIOUS_MOVE = YES;
				CLANG_WARN_UNGUARDED_AVAILABILITY = YES_AGGRESSIVE;
				CLANG_WARN_UNREACHABLE_CODE = YES;
				CLANG_WARN__DUPLICATE_METHOD_MATCH = YES;
				CODE_SIGN_IDENTITY = "iPhone Developer";
				COPY_PHASE_STRIP = NO;
				DEBUG_INFORMATION_FORMAT = dwarf;
				ENABLE_STRICT_OBJC_MSGSEND = YES;
				ENABLE_TESTABILITY = YES;
				GCC_C_LANGUAGE_STANDARD = gnu11;
				GCC_DYNAMIC_NO_PIC = NO;
				GCC_NO_COMMON_BLOCKS = YES;
				GCC_OPTIMIZATION_LEVEL = 0;
				GCC_PREPROCESSOR_DEFINITIONS = (
					"DEBUG=1",
					"$(inherited)",
				);
				GCC_WARN_64_TO_32_BIT_CONVERSION = YES;
				GCC_WARN_ABOUT_RETURN_TYPE = YES_ERROR;
				GCC_WARN_UNDECLARED_SELECTOR = YES;
				GCC_WARN_UNINITIALIZED_AUTOS = YES_AGGRESSIVE;
				GCC_WARN_UNUSED_FUNCTION = YES;
				GCC_WARN_UNUSED_VARIABLE = YES;
				IPHONEOS_DEPLOYMENT_TARGET = 9.0;
				MTL_ENABLE_DEBUG_INFO = INCLUDE_SOURCE;
				MTL_FAST_MATH = YES;
				ONLY_ACTIVE_ARCH = NO;
				SDKROOT = iphoneos;
				SWIFT_ACTIVE_COMPILATION_CONDITIONS = DEBUG;
				SWIFT_OPTIMIZATION_LEVEL = "-Onone";
			};
			name = Debug;
		};
		2B201B4421C7D8E30028593C /* Release */ = {
			isa = XCBuildConfiguration;
			buildSettings = {
				ALWAYS_SEARCH_USER_PATHS = NO;
				CLANG_ANALYZER_NONNULL = YES;
				CLANG_ANALYZER_NUMBER_OBJECT_CONVERSION = YES_AGGRESSIVE;
				CLANG_CXX_LANGUAGE_STANDARD = "gnu++14";
				CLANG_CXX_LIBRARY = "libc++";
				CLANG_ENABLE_MODULES = YES;
				CLANG_ENABLE_OBJC_ARC = YES;
				CLANG_ENABLE_OBJC_WEAK = YES;
				CLANG_WARN_BLOCK_CAPTURE_AUTORELEASING = YES;
				CLANG_WARN_BOOL_CONVERSION = YES;
				CLANG_WARN_COMMA = YES;
				CLANG_WARN_CONSTANT_CONVERSION = YES;
				CLANG_WARN_DEPRECATED_OBJC_IMPLEMENTATIONS = YES;
				CLANG_WARN_DIRECT_OBJC_ISA_USAGE = YES_ERROR;
				CLANG_WARN_DOCUMENTATION_COMMENTS = YES;
				CLANG_WARN_EMPTY_BODY = YES;
				CLANG_WARN_ENUM_CONVERSION = YES;
				CLANG_WARN_INFINITE_RECURSION = YES;
				CLANG_WARN_INT_CONVERSION = YES;
				CLANG_WARN_NON_LITERAL_NULL_CONVERSION = YES;
				CLANG_WARN_OBJC_IMPLICIT_RETAIN_SELF = YES;
				CLANG_WARN_OBJC_LITERAL_CONVERSION = YES;
				CLANG_WARN_OBJC_ROOT_CLASS = YES_ERROR;
				CLANG_WARN_RANGE_LOOP_ANALYSIS = YES;
				CLANG_WARN_STRICT_PROTOTYPES = YES;
				CLANG_WARN_SUSPICIOUS_MOVE = YES;
				CLANG_WARN_UNGUARDED_AVAILABILITY = YES_AGGRESSIVE;
				CLANG_WARN_UNREACHABLE_CODE = YES;
				CLANG_WARN__DUPLICATE_METHOD_MATCH = YES;
				CODE_SIGN_IDENTITY = "iPhone Developer";
				COPY_PHASE_STRIP = NO;
				DEBUG_INFORMATION_FORMAT = "dwarf-with-dsym";
				ENABLE_NS_ASSERTIONS = NO;
				ENABLE_STRICT_OBJC_MSGSEND = YES;
				GCC_C_LANGUAGE_STANDARD = gnu11;
				GCC_NO_COMMON_BLOCKS = YES;
				GCC_WARN_64_TO_32_BIT_CONVERSION = YES;
				GCC_WARN_ABOUT_RETURN_TYPE = YES_ERROR;
				GCC_WARN_UNDECLARED_SELECTOR = YES;
				GCC_WARN_UNINITIALIZED_AUTOS = YES_AGGRESSIVE;
				GCC_WARN_UNUSED_FUNCTION = YES;
				GCC_WARN_UNUSED_VARIABLE = YES;
				IPHONEOS_DEPLOYMENT_TARGET = 9.0;
				MTL_ENABLE_DEBUG_INFO = NO;
				MTL_FAST_MATH = YES;
				SDKROOT = iphoneos;
				SWIFT_COMPILATION_MODE = wholemodule;
				SWIFT_OPTIMIZATION_LEVEL = "-O";
				VALIDATE_PRODUCT = YES;
			};
			name = Release;
		};
		2B201B4621C7D8E30028593C /* Debug */ = {
			isa = XCBuildConfiguration;
			baseConfigurationReference = 716BEB77CA9777E52CD07EE6 /* Pods-CommonPod-ScreenCast.debug.xcconfig */;
			buildSettings = {
				ALWAYS_EMBED_SWIFT_STANDARD_LIBRARIES = YES;
				ASSETCATALOG_COMPILER_APPICON_NAME = AppIcon;
				CODE_SIGN_STYLE = Automatic;
				DEVELOPMENT_TEAM = LCG5L7466G;
				ENABLE_BITCODE = NO;
				INFOPLIST_FILE = ScreenCast/Info.plist;
				LD_RUNPATH_SEARCH_PATHS = (
					"$(inherited)",
					"@executable_path/Frameworks",
				);
				ONLY_ACTIVE_ARCH = NO;
				PRODUCT_BUNDLE_IDENTIFIER = com.promobitech.ScreenCast;
				PRODUCT_NAME = "$(TARGET_NAME)";
				SWIFT_VERSION = 4.2;
				TARGETED_DEVICE_FAMILY = "1,2";
			};
			name = Debug;
		};
		2B201B4721C7D8E30028593C /* Release */ = {
			isa = XCBuildConfiguration;
			baseConfigurationReference = A9BDB9C0BDAF6682D6EA04A2 /* Pods-CommonPod-ScreenCast.release.xcconfig */;
			buildSettings = {
				ALWAYS_EMBED_SWIFT_STANDARD_LIBRARIES = YES;
				ASSETCATALOG_COMPILER_APPICON_NAME = AppIcon;
				CODE_SIGN_STYLE = Automatic;
				DEVELOPMENT_TEAM = LCG5L7466G;
				ENABLE_BITCODE = NO;
				INFOPLIST_FILE = ScreenCast/Info.plist;
				LD_RUNPATH_SEARCH_PATHS = (
					"$(inherited)",
					"@executable_path/Frameworks",
				);
				PRODUCT_BUNDLE_IDENTIFIER = com.promobitech.ScreenCast;
				PRODUCT_NAME = "$(TARGET_NAME)";
				SWIFT_VERSION = 4.2;
				TARGETED_DEVICE_FAMILY = "1,2";
			};
			name = Release;
		};
		2BD2B56621D0B2AB00D1B4CF /* Debug */ = {
			isa = XCBuildConfiguration;
			baseConfigurationReference = BC4B0F28CBB1143A3CC49A32 /* Pods-CommonPod-BroadcastUploadSetupUI.debug.xcconfig */;
			buildSettings = {
				CODE_SIGN_STYLE = Automatic;
				DEVELOPMENT_TEAM = LCG5L7466G;
				ENABLE_BITCODE = NO;
				INFOPLIST_FILE = BroadcastUploadSetupUI/Info.plist;
				IPHONEOS_DEPLOYMENT_TARGET = 11.0;
				LD_RUNPATH_SEARCH_PATHS = (
					"$(inherited)",
					"@executable_path/Frameworks",
					"@executable_path/../../Frameworks",
				);
				PRODUCT_BUNDLE_IDENTIFIER = com.promobitech.ScreenCast.BroadcastUploadSetupUI;
				PRODUCT_NAME = "$(TARGET_NAME)";
				SKIP_INSTALL = YES;
				SWIFT_VERSION = 4.2;
				TARGETED_DEVICE_FAMILY = "1,2";
			};
			name = Debug;
		};
		2BD2B56721D0B2AB00D1B4CF /* Release */ = {
			isa = XCBuildConfiguration;
			baseConfigurationReference = BBB598E81CE39DAA0D6E1F0D /* Pods-CommonPod-BroadcastUploadSetupUI.release.xcconfig */;
			buildSettings = {
				CODE_SIGN_STYLE = Automatic;
				DEVELOPMENT_TEAM = LCG5L7466G;
				ENABLE_BITCODE = NO;
				INFOPLIST_FILE = BroadcastUploadSetupUI/Info.plist;
				IPHONEOS_DEPLOYMENT_TARGET = 11.0;
				LD_RUNPATH_SEARCH_PATHS = (
					"$(inherited)",
					"@executable_path/Frameworks",
					"@executable_path/../../Frameworks",
				);
				PRODUCT_BUNDLE_IDENTIFIER = com.promobitech.ScreenCast.BroadcastUploadSetupUI;
				PRODUCT_NAME = "$(TARGET_NAME)";
				SKIP_INSTALL = YES;
				SWIFT_VERSION = 4.2;
				TARGETED_DEVICE_FAMILY = "1,2";
			};
			name = Release;
		};
		2BD2B56921D0B2AB00D1B4CF /* Debug */ = {
			isa = XCBuildConfiguration;
			baseConfigurationReference = A2DB63C6878EA9BD8E68DAE7 /* Pods-CommonPod-BroadcastUpload.debug.xcconfig */;
			buildSettings = {
				CODE_SIGN_STYLE = Automatic;
				DEVELOPMENT_TEAM = LCG5L7466G;
				ENABLE_BITCODE = NO;
				INFOPLIST_FILE = BroadcastUpload/Info.plist;
				IPHONEOS_DEPLOYMENT_TARGET = 11.0;
				LD_RUNPATH_SEARCH_PATHS = (
					"$(inherited)",
					"@executable_path/Frameworks",
					"@executable_path/../../Frameworks",
				);
				PRODUCT_BUNDLE_IDENTIFIER = com.promobitech.ScreenCast.BroadcastUpload;
				PRODUCT_NAME = "$(TARGET_NAME)";
				SKIP_INSTALL = YES;
				SWIFT_VERSION = 4.2;
				TARGETED_DEVICE_FAMILY = "1,2";
			};
			name = Debug;
		};
		2BD2B56A21D0B2AB00D1B4CF /* Release */ = {
			isa = XCBuildConfiguration;
			baseConfigurationReference = E52BDA71970AA2CB2947DB0E /* Pods-CommonPod-BroadcastUpload.release.xcconfig */;
			buildSettings = {
				CODE_SIGN_STYLE = Automatic;
				DEVELOPMENT_TEAM = LCG5L7466G;
				ENABLE_BITCODE = NO;
				INFOPLIST_FILE = BroadcastUpload/Info.plist;
				IPHONEOS_DEPLOYMENT_TARGET = 11.0;
				LD_RUNPATH_SEARCH_PATHS = (
					"$(inherited)",
					"@executable_path/Frameworks",
					"@executable_path/../../Frameworks",
				);
				PRODUCT_BUNDLE_IDENTIFIER = com.promobitech.ScreenCast.BroadcastUpload;
				PRODUCT_NAME = "$(TARGET_NAME)";
				SKIP_INSTALL = YES;
				SWIFT_VERSION = 4.2;
				TARGETED_DEVICE_FAMILY = "1,2";
			};
			name = Release;
		};
/* End XCBuildConfiguration section */

/* Begin XCConfigurationList section */
		2B201B2E21C7D8E20028593C /* Build configuration list for PBXProject "ScreenCast" */ = {
			isa = XCConfigurationList;
			buildConfigurations = (
				2B201B4321C7D8E30028593C /* Debug */,
				2B201B4421C7D8E30028593C /* Release */,
			);
			defaultConfigurationIsVisible = 0;
			defaultConfigurationName = Release;
		};
		2B201B4521C7D8E30028593C /* Build configuration list for PBXNativeTarget "ScreenCast" */ = {
			isa = XCConfigurationList;
			buildConfigurations = (
				2B201B4621C7D8E30028593C /* Debug */,
				2B201B4721C7D8E30028593C /* Release */,
			);
			defaultConfigurationIsVisible = 0;
			defaultConfigurationName = Release;
		};
		2BD2B56521D0B2AB00D1B4CF /* Build configuration list for PBXNativeTarget "BroadcastUploadSetupUI" */ = {
			isa = XCConfigurationList;
			buildConfigurations = (
				2BD2B56621D0B2AB00D1B4CF /* Debug */,
				2BD2B56721D0B2AB00D1B4CF /* Release */,
			);
			defaultConfigurationIsVisible = 0;
			defaultConfigurationName = Release;
		};
		2BD2B56821D0B2AB00D1B4CF /* Build configuration list for PBXNativeTarget "BroadcastUpload" */ = {
			isa = XCConfigurationList;
			buildConfigurations = (
				2BD2B56921D0B2AB00D1B4CF /* Debug */,
				2BD2B56A21D0B2AB00D1B4CF /* Release */,
			);
			defaultConfigurationIsVisible = 0;
			defaultConfigurationName = Release;
		};
/* End XCConfigurationList section */
	};
	rootObject = 2B201B2B21C7D8E20028593C /* Project object */;
}
